{
    "_meta": {
        "hash": {
            "sha256": "59ee0d05ed28fc558731fece0894f57d3b686cf6a2f102151e75e87abca2c83e"
        },
        "pipfile-spec": 6,
        "requires": {
            "python_version": "3.10"
        },
        "sources": [
            {
                "name": "pypi",
                "url": "https://pypi.org/simple",
                "verify_ssl": true
            }
        ]
    },
    "default": {
        "attrs": {
            "hashes": [
                "sha256:29e95c7f6778868dbd49170f98f8818f78f3dc5e0e37c0b1f474e3561b240836",
                "sha256:c9227bfc2f01993c03f68db37d1d15c9690188323c067c641f1a35ca58185f99"
            ],
            "markers": "python_version >= '3.6'",
            "version": "==22.2.0"
        },
        "exceptiongroup": {
            "hashes": [
                "sha256:327cbda3da756e2de031a3107b81ab7b3770a602c4d16ca618298c526f4bec1e",
                "sha256:bcb67d800a4497e1b404c2dd44fca47d3b7a5e5433dbab67f96c1a685cdfdf23"
            ],
            "markers": "python_version < '3.11'",
            "version": "==1.1.0"
        },
        "faker": {
            "hashes": [
                "sha256:2d5443724f640ce07658ca8ca8bbd40d26b58914e63eec6549727869aa67e2cc",
                "sha256:c2a2ff9dd8dfd991109b517ab98d5cb465e857acb45f6b643a0e284a9eb2cc76"
            ],
            "index": "pypi",
            "version": "==15.3.4"
        },
        "fuzzywuzzy": {
            "hashes": [
                "sha256:45016e92264780e58972dca1b3d939ac864b78437422beecebb3095f8efd00e8",
                "sha256:928244b28db720d1e0ee7587acf660ea49d7e4c632569cad4f1cd7e68a5f0993"
            ],
            "index": "pypi",
            "version": "==0.18.0"
        },
        "iniconfig": {
            "hashes": [
                "sha256:011e24c64b7f47f6ebd835bb12a743f2fbe9a26d4cecaa7f53bc4f35ee9da8b3",
                "sha256:bc3af051d7d14b2ee5ef9969666def0cd1a000e121eaea580d4a313df4b37f32"
            ],
            "version": "==1.1.1"
        },
        "levenshtein": {
            "hashes": [
                "sha256:01668178fd9244df290db0340293982fe7641162a12a35ad9ffb3fe145ce6377",
                "sha256:0371d996ae81089296f42b6e886c7bf138d1cb0f002b0c724a9e5d689b29b5a0",
                "sha256:06191f5d0527e3224107aea260b5cffc8a78722e0efb4e793f0e45c449b813a2",
                "sha256:0674bc0549d5ea9edb934b3b03a160a116cc410feb5739a51f9c4f618ee674e3",
                "sha256:06c9cfc61cf66833692d1ed258ec5a0871221b0779f1281c32a10348c492e2c5",
                "sha256:0d3a1f7328c91caeb1f857ddd2787e3f19d60cc2c688339d249ca8841da61454",
                "sha256:0e0fd315132786375de532355fa06b2f11c4b4af5784b7e064dc54b6ee0c3281",
                "sha256:105c239ec786750cd5136991c58196b440cc39b6acf3ec8227f6562c9a94e4b9",
                "sha256:109172943cff7fb10f28a9eb819eb3eaf9c88fe38661fb1d0f230a8ae68a615c",
                "sha256:120dca58136aee3d8c7b190e30db7b6a6eb9579ea5712df84ad076a389801743",
                "sha256:129c8f192e656b7c2c543bf0d704d677720771b8bc2f30c50db02fbc2001bac2",
                "sha256:1347c3ebbe8f42f7a487e8d23a95bde6529379b4939ad51d32246d001565c499",
                "sha256:1549e307028fa5c3a8cf28ae8bcb1f6072df2abf7f36b9d7adf7fd60690fe372",
                "sha256:1600f5ebe2f2aebf13e88cf488ec2e5ce25f7a42b5846335018693baf4ea63bd",
                "sha256:1e46f9d3483dc4991ac60ff3711b0d40f93e352cc8edc16b68df57ccc472bd6c",
                "sha256:1ef8f3ecdfca5d6f0538226338d58617270439a1cc9b6cacb30a388984bb1608",
                "sha256:2052357c5da195ede7dbc81a4e3408ebd6374a1ff1b86a0a9d8b8ce9562b32c3",
                "sha256:2346e2f7dfbbc2936bd81e19f7734984e72486ffc086760c897b39b9f674b2fa",
                "sha256:2891019740e874f05e0349e9f27b6af8ad837b1612f42e9c90c296d54d1404fd",
                "sha256:2907a6888455f9915d5b656f5d058f63eaf6063b2c7f0f1ff6bc05706ae5bc39",
                "sha256:29db4dabfad2ddf33c7986eb6fd525c7587cca4c4d9e187365cff0a5281f5a35",
                "sha256:2a2f1c1e8360603a6da29416da61d1907a27656843e269413091c8c3a3e6286e",
                "sha256:2ab9c72380582bf4745d1c5b055b1df0c85f7a980a04bd7603a855dd91478c0f",
                "sha256:2f7728bea7fe6dc55ceecde0dcda4287e74fe3b6733ad42530f46aaa8d2f81d0",
                "sha256:3235c461904fe94b4f62fee78a1658c1316344411c81b02400c27d692a893f8f",
                "sha256:34d2f891ef53afbab6cf2eeb92ff13151884d17dc80a2d6d3c7ae74d7738b772",
                "sha256:35777b20fe35858248c22da37984469e6dd1278f55d17c53378312853d5d683d",
                "sha256:381a725963c392585135654caa3c7fc32cb1755ed977fb9db72e8838fee261be",
                "sha256:3badc94708ac05b405e795fde58a53272b90a9ee6099ecd54a345658b7b812e1",
                "sha256:4082379b406752fc1173ed1f8c3a122c5d5491e10e564ed721602e4e049e3d4c",
                "sha256:44d60c6b47ccd6841c990418f7f4f58c28f7da9b07b81eaafc99b836cf351df1",
                "sha256:47d8d4f3825d1d8f3b19382537a8536e689cf57aaa224d2cb4f44cf844811885",
                "sha256:47f6d1592c0891f7355e38a302becd233336ca2f55f9a8be3a8635f946a6784f",
                "sha256:48262bc9830ad60de96411fcb2e96a522c7206e7069169e04d89dd79364a7722",
                "sha256:48b9b3ae095b14dad7bc4bd219c7cd9113a7aa123a033337c85b00fe2ed565d3",
                "sha256:4a441b23d9704f57eb34af6a300ae5c335b9e77e6a065ada36ca69d6fc582af9",
                "sha256:4c13749ea39a228f05d5bd9d473e76f726fc2dcd493cafc322f740921a6eeffb",
                "sha256:4d258f3d44f6bac17f33002fea34570049507d3476c3716b5267170c666b20b4",
                "sha256:534c8bbdfd033fa20575d57332d9ac0447b5afbeca7db975ba169762ece2051f",
                "sha256:5474b2681ee0b7944fb1e7fe281cd44e2dfe75b03ba4558dca49c96fa0861b62",
                "sha256:56571c58700600a382ecdf3f9efcb132ed16a0476cbb4e23a9478ab0ae788fd9",
                "sha256:56e132c203b0dd8fc72a33e791c39ad0d5a25bcf24b130a1e202abbf489a3e75",
                "sha256:57a31527dc7994353091626e62b7d82d53290cb00df48d3e5d29cb291fb4c03c",
                "sha256:5a01fca58255be6bf724a40af2575d7cf644c099c28a00d1f5f6a81675e60e7d",
                "sha256:5eec0868ffcd825564dd5e3399305eaa159220554d1aedbff13af0de1fe01f6c",
                "sha256:6414eea342d9632045e12b66bef043dbc6557189a283dc4dcc5966f63fa48998",
                "sha256:6496ea66a6f755e48c0d82f1eee396d16edcd5592d4b3677d26fa789a636a728",
                "sha256:67235753035ac898d6475c0b29540521018db2e0027a3c1deb9aa0af0a84fd74",
                "sha256:679333188f9791c85109d2981e97e8721a99b2b975b5c52d16aca50ac9c70757",
                "sha256:680cd250dc1875eb80cf2a0cca742bd13f6f9ab11c48317244fcc483eba1dd67",
                "sha256:69daa0f8eefa5b947255a81346741ed86fe7030e0909741dbd978e38b30da3fd",
                "sha256:6b9e0642ddb4c431f77c38cec9edbd0317e26c3f37d072ccf281ab58926dce69",
                "sha256:6bcebc79760be08488cb921732af34ade6abc7476a94866881c68b45ec4b6c82",
                "sha256:6de13be3eb5ac48053fb1635a7b4daa936b9114ad4b264942e9eb709fcaa41dd",
                "sha256:70a8ad5e28bb76d87da1eb3f31de940836596547d6d01317c2289f5b7cd0b0ea",
                "sha256:726bfb361d3b6786bea31392752f0ffcca568db7dc3f1e274f1b529489b8ad05",
                "sha256:73c1caaedbee3617fd29139aac8dab7743776b59c3c1fed2790308ecb43c7b25",
                "sha256:74e959035da10a54e7a2eee28408eff672297ce96cdadd6f4a2f269a06e395c4",
                "sha256:7605a94145198d19fdaaa7e29c0f8a56ad719b12386f3ae8cd8ed4cb9fa6c2e4",
                "sha256:7628e356b3f9c78ad7272c3b9137f0641a1368849e749ff6f2c8fe372795806b",
                "sha256:795f2e95d09a33c66c73cd49be3ee632fb4b8c41be72c0cb8df29a329ce7d111",
                "sha256:7ce747b296aad3bd8a563cccf2119cf37bf72f668076bfdad6ec55f0a0596dd9",
                "sha256:7e4a44b1223980a9880e6f2bbf19121a125928580df9e4e81207199190343e11",
                "sha256:7f31bcf257fec9719d0d97185c419d315f6f20a194f0b442919e352d19418b2e",
                "sha256:82304821e128d5453d1755d1c2f3d9cdf75e9def3517cf913b09df174e20283b",
                "sha256:8b7b772f2f62a19a15ccb1b09c6c7754ca7430bb7e19d4ca4ff232958786873b",
                "sha256:8b852def43d165c2f2b468239d66b847d9e6f52a775fc657773ced04d26062bd",
                "sha256:8dc2194c917e4466cb604580b16e42286f04e3fe0424489459e68f0834f5c527",
                "sha256:9275c6e601ff7f659116e2235e8585950c9c39d72504006077be85bf27950b35",
                "sha256:9649af1a896a4a7fc7f6f1fd093e8a92f463297f56c7bd0f8d7d16dfabeb236d",
                "sha256:965336c1772a4fc5fb2686a2a0bfaf3455dced96f19f50f278da8bc139076d31",
                "sha256:9bcd59fcf06aaedda98da185ec289dc2c2c9922ce789f6a9c101709d4a22cac9",
                "sha256:9d40e18a5817ee7f0675401613a26c492fd4ea68d2103c1480fb5a6ab1b8763d",
                "sha256:a1f24133df69f8b618fc508d6023695130ad3c3c8968ef43aaeca21835eb337a",
                "sha256:a34e3fd21acb31fcd29a0c8353dca74dfbb59957210a6f142505907a9dff3d59",
                "sha256:a9fc296860588251d8d72b4f4637cca4eef7351e042a7a23d44e6385aef1e160",
                "sha256:af92326b90ea6fe4521cf6a5dfe450e21150393c573ef3ad9ee446f1009fbfbd",
                "sha256:b48554dad328e198a636f937e2f4c057aac8e4bfcb8467b10e0f5daa94307b17",
                "sha256:b5d80d949168df406f2ac9ade1a5d0419cef0a8df611c8c2efe88f0248c9d0c0",
                "sha256:ba2bafe3511194a37044cae4e7d328cca70657933052691c37eba2ca428a379d",
                "sha256:bb1e20965d759d89318cac7ff7eb045eb1fafcb5c3fa3047a23f6ae20c810ad7",
                "sha256:c0af20327acc2c904d11611cb3a0d8d17f80c279a12e0b84189eafc35297186d",
                "sha256:c554704eec4f4ba742febdcc79a85491f8f9a1d493cb103bb2af18536d6cf122",
                "sha256:c621e0c389546147ed43c33ca4168de0f91c920508ab8a94a400835fa084f486",
                "sha256:cb499783b7126e6fc45c39ab34c8114148425c5d975b1ce35e6c47c0eda58a94",
                "sha256:cc7eca755c13c92814c8cce8175524cf764ce38f39228b602f59eac58cfdc51a",
                "sha256:cf7260722f8170c09af5cfa714bb45626a4dfc85d71d1c1c9c52c2a6901cc501",
                "sha256:d5a20ecc20a09a32c72128c43d7df23877a2469b3c17780ae83f9a9d55873c08",
                "sha256:d7bd7f25336849027fbe5ed32b6ffd404436727d78a014e348dcd17347c73fd8",
                "sha256:d7e00e2fda9f225b5f4537647f6195cf220d468532739d3390eaf082b1d76c87",
                "sha256:d82ae57982a9f33c55778f1f0f63d5e51e291aee236abed3b90497578b944202",
                "sha256:e0ddddf2beafd1a2e17a87f80be562a7f7478e6098ccfc15de4c879972dfa2f9",
                "sha256:e7ccb76ffd9b851384f9cf1595b90b17cae46f0ab895e234de11ea48f9d9f73a",
                "sha256:e8a552e79d053dc1324fb90d342447fd4e15736f4cbc5363b6fbd5577f53dce9",
                "sha256:e9db476e40a3aa184631d102b716a019f70837eb0fcdd5b5d1504f099f91359c",
                "sha256:eba5696e1f8e8da225498fd1d743886d639400cafd0e5be3c553978cbb54c345",
                "sha256:ef67c50428c99caf67d31bd209da21d9378da5f0cc3ad4f7bafb6caa78aee6f2",
                "sha256:f59470c49114a5da064712a427317f2b1fa5bb89aa2dfd0e300f8289e26aec28",
                "sha256:f674cc75f127692525563155e500a3fa16aaf24dafd33a9bcda46e2979f793a1",
                "sha256:f88ec322d86d3cc9d3936dbf6b421ad813950c2658599d48ac4ede59f2a6047e",
                "sha256:fc0ced58ee6d07351cde140a7ec88e5f2ceb053c805af1f90514d21914d21cad",
                "sha256:fcc78a73ed423bbb09ac902dd2e1ff1094d159d1c6766e5e52da5f376a4cba18"
            ],
            "markers": "python_version >= '3.6'",
            "version": "==0.20.9"
        },
        "packaging": {
            "hashes": [
                "sha256:2198ec20bd4c017b8f9717e00f0c8714076fc2fd93816750ab48e2c41de2cfd3",
                "sha256:957e2148ba0e1a3b282772e791ef1d8083648bc131c8ab0c1feba110ce1146c3"
            ],
            "markers": "python_version >= '3.7'",
            "version": "==22.0"
        },
        "pillow": {
            "hashes": [
                "sha256:03150abd92771742d4a8cd6f2fa6246d847dcd2e332a18d0c15cc75bf6703040",
                "sha256:073adb2ae23431d3b9bcbcff3fe698b62ed47211d0716b067385538a1b0f28b8",
                "sha256:0b07fffc13f474264c336298d1b4ce01d9c5a011415b79d4ee5527bb69ae6f65",
                "sha256:0b7257127d646ff8676ec8a15520013a698d1fdc48bc2a79ba4e53df792526f2",
                "sha256:12ce4932caf2ddf3e41d17fc9c02d67126935a44b86df6a206cf0d7161548627",
                "sha256:15c42fb9dea42465dfd902fb0ecf584b8848ceb28b41ee2b58f866411be33f07",
                "sha256:18498994b29e1cf86d505edcb7edbe814d133d2232d256db8c7a8ceb34d18cef",
                "sha256:1c7c8ae3864846fc95f4611c78129301e203aaa2af813b703c55d10cc1628535",
                "sha256:22b012ea2d065fd163ca096f4e37e47cd8b59cf4b0fd47bfca6abb93df70b34c",
                "sha256:276a5ca930c913f714e372b2591a22c4bd3b81a418c0f6635ba832daec1cbcfc",
                "sha256:2e0918e03aa0c72ea56edbb00d4d664294815aa11291a11504a377ea018330d3",
                "sha256:3033fbe1feb1b59394615a1cafaee85e49d01b51d54de0cbf6aa8e64182518a1",
                "sha256:3168434d303babf495d4ba58fc22d6604f6e2afb97adc6a423e917dab828939c",
                "sha256:32a44128c4bdca7f31de5be641187367fe2a450ad83b833ef78910397db491aa",
                "sha256:3dd6caf940756101205dffc5367babf288a30043d35f80936f9bfb37f8355b32",
                "sha256:40e1ce476a7804b0fb74bcfa80b0a2206ea6a882938eaba917f7a0f004b42502",
                "sha256:41e0051336807468be450d52b8edd12ac60bebaa97fe10c8b660f116e50b30e4",
                "sha256:4390e9ce199fc1951fcfa65795f239a8a4944117b5935a9317fb320e7767b40f",
                "sha256:502526a2cbfa431d9fc2a079bdd9061a2397b842bb6bc4239bb176da00993812",
                "sha256:51e0e543a33ed92db9f5ef69a0356e0b1a7a6b6a71b80df99f1d181ae5875636",
                "sha256:57751894f6618fd4308ed8e0c36c333e2f5469744c34729a27532b3db106ee20",
                "sha256:5d77adcd56a42d00cc1be30843d3426aa4e660cab4a61021dc84467123f7a00c",
                "sha256:655a83b0058ba47c7c52e4e2df5ecf484c1b0b0349805896dd350cbc416bdd91",
                "sha256:68943d632f1f9e3dce98908e873b3a090f6cba1cbb1b892a9e8d97c938871fbe",
                "sha256:6c738585d7a9961d8c2821a1eb3dcb978d14e238be3d70f0a706f7fa9316946b",
                "sha256:73bd195e43f3fadecfc50c682f5055ec32ee2c933243cafbfdec69ab1aa87cad",
                "sha256:772a91fc0e03eaf922c63badeca75e91baa80fe2f5f87bdaed4280662aad25c9",
                "sha256:77ec3e7be99629898c9a6d24a09de089fa5356ee408cdffffe62d67bb75fdd72",
                "sha256:7db8b751ad307d7cf238f02101e8e36a128a6cb199326e867d1398067381bff4",
                "sha256:801ec82e4188e935c7f5e22e006d01611d6b41661bba9fe45b60e7ac1a8f84de",
                "sha256:82409ffe29d70fd733ff3c1025a602abb3e67405d41b9403b00b01debc4c9a29",
                "sha256:828989c45c245518065a110434246c44a56a8b2b2f6347d1409c787e6e4651ee",
                "sha256:829f97c8e258593b9daa80638aee3789b7df9da5cf1336035016d76f03b8860c",
                "sha256:871b72c3643e516db4ecf20efe735deb27fe30ca17800e661d769faab45a18d7",
                "sha256:89dca0ce00a2b49024df6325925555d406b14aa3efc2f752dbb5940c52c56b11",
                "sha256:90fb88843d3902fe7c9586d439d1e8c05258f41da473952aa8b328d8b907498c",
                "sha256:97aabc5c50312afa5e0a2b07c17d4ac5e865b250986f8afe2b02d772567a380c",
                "sha256:9aaa107275d8527e9d6e7670b64aabaaa36e5b6bd71a1015ddd21da0d4e06448",
                "sha256:9f47eabcd2ded7698106b05c2c338672d16a6f2a485e74481f524e2a23c2794b",
                "sha256:a0a06a052c5f37b4ed81c613a455a81f9a3a69429b4fd7bb913c3fa98abefc20",
                "sha256:ab388aaa3f6ce52ac1cb8e122c4bd46657c15905904b3120a6248b5b8b0bc228",
                "sha256:ad58d27a5b0262c0c19b47d54c5802db9b34d38bbf886665b626aff83c74bacd",
                "sha256:ae5331c23ce118c53b172fa64a4c037eb83c9165aba3a7ba9ddd3ec9fa64a699",
                "sha256:af0372acb5d3598f36ec0914deed2a63f6bcdb7b606da04dc19a88d31bf0c05b",
                "sha256:afa4107d1b306cdf8953edde0534562607fe8811b6c4d9a486298ad31de733b2",
                "sha256:b03ae6f1a1878233ac620c98f3459f79fd77c7e3c2b20d460284e1fb370557d4",
                "sha256:b0915e734b33a474d76c28e07292f196cdf2a590a0d25bcc06e64e545f2d146c",
                "sha256:b4012d06c846dc2b80651b120e2cdd787b013deb39c09f407727ba90015c684f",
                "sha256:b472b5ea442148d1c3e2209f20f1e0bb0eb556538690fa70b5e1f79fa0ba8dc2",
                "sha256:b59430236b8e58840a0dfb4099a0e8717ffb779c952426a69ae435ca1f57210c",
                "sha256:b90f7616ea170e92820775ed47e136208e04c967271c9ef615b6fbd08d9af0e3",
                "sha256:b9a65733d103311331875c1dca05cb4606997fd33d6acfed695b1232ba1df193",
                "sha256:bac18ab8d2d1e6b4ce25e3424f709aceef668347db8637c2296bcf41acb7cf48",
                "sha256:bca31dd6014cb8b0b2db1e46081b0ca7d936f856da3b39744aef499db5d84d02",
                "sha256:be55f8457cd1eac957af0c3f5ece7bc3f033f89b114ef30f710882717670b2a8",
                "sha256:c7025dce65566eb6e89f56c9509d4f628fddcedb131d9465cacd3d8bac337e7e",
                "sha256:c935a22a557a560108d780f9a0fc426dd7459940dc54faa49d83249c8d3e760f",
                "sha256:dbb8e7f2abee51cef77673be97760abff1674ed32847ce04b4af90f610144c7b",
                "sha256:e6ea6b856a74d560d9326c0f5895ef8050126acfdc7ca08ad703eb0081e82b74",
                "sha256:ebf2029c1f464c59b8bdbe5143c79fa2045a581ac53679733d3a91d400ff9efb",
                "sha256:f1ff2ee69f10f13a9596480335f406dd1f70c3650349e2be67ca3139280cade0"
            ],
            "index": "pypi",
            "version": "==9.3.0"
        },
        "pluggy": {
            "hashes": [
                "sha256:4224373bacce55f955a878bf9cfa763c1e360858e330072059e10bad68531159",
                "sha256:74134bbf457f031a36d68416e1509f34bd5ccc019f0bcc952c7b909d06b37bd3"
            ],
            "markers": "python_version >= '3.6'",
            "version": "==1.0.0"
        },
        "pytest": {
            "hashes": [
                "sha256:892f933d339f068883b6fd5a459f03d85bfcb355e4981e146d2c7616c21fef71",
                "sha256:c4014eb40e10f11f355ad4e3c2fb2c6c6d1919c73f3b5a433de4708202cade59"
            ],
            "index": "pypi",
            "version": "==7.2.0"
        },
        "python-dateutil": {
            "hashes": [
                "sha256:0123cacc1627ae19ddf3c27a5de5bd67ee4586fbdd6440d9748f8abb483d3e86",
                "sha256:961d03dc3453ebbc59dbdea9e4e11c5651520a876d0f4db161e8674aae935da9"
            ],
            "markers": "python_version >= '2.7' and python_version not in '3.0, 3.1, 3.2, 3.3'",
            "version": "==2.8.2"
        },
        "python-levenshtein": {
            "hashes": [
                "sha256:2a6f8c97ba554d7399e0b450e1fce5d90d6354b1c1762e419671de27f25736c5",
                "sha256:4c507b1e26de29374153982fa477cea741edf095d892773343b4961beacac834"
            ],
            "index": "pypi",
            "version": "==0.20.9"
        },
        "rapidfuzz": {
            "hashes": [
                "sha256:020858dd89b60ce38811cd6e37875c4c3c8d7fcd8bc20a0ad2ed1f464b34dc4e",
                "sha256:042644133244bfa7b20de635d500eb9f46af7097f3d90b1724f94866f17cb55e",
                "sha256:08590905a95ccfa43f4df353dcc5d28c15d70664299c64abcad8721d89adce4f",
                "sha256:114810491efb25464016fd554fdf1e20d390309cecef62587494fc474d4b926f",
                "sha256:1333fb3d603d6b1040e365dca4892ba72c7e896df77a54eae27dc07db90906e3",
                "sha256:16080c05a63d6042643ae9b6cfec1aefd3e61cef53d0abe0df3069b9d4b72077",
                "sha256:16ffad751f43ab61001187b3fb4a9447ec2d1aedeff7c5bac86d3b95f9980cc3",
                "sha256:1f50d1227e6e2a0e3ae1fb1c9a2e1c59577d3051af72c7cab2bcc430cb5e18da",
                "sha256:1fbad8fb28d98980f5bff33c7842efef0315d42f0cd59082108482a7e6b61410",
                "sha256:23524635840500ce6f4d25005c9529a97621689c85d2f727c52eed1782839a6a",
                "sha256:24d3fea10680d085fd0a4d76e581bfb2b1074e66e78fd5964d4559e1fcd2a2d4",
                "sha256:24eb6b843492bdc63c79ee4b2f104059b7a2201fef17f25177f585d3be03405a",
                "sha256:25b4cedf2aa19fb7212894ce5f5219010cce611b60350e9a0a4d492122e7b351",
                "sha256:27be9c63215d302ede7d654142a2e21f0d34ea6acba512a4ae4cfd52bbaa5b59",
                "sha256:2c836f0f2d33d4614c3fbaf9a1eb5407c0fe23f8876f47fd15b90f78daa64c34",
                "sha256:3a9bd02e1679c0fd2ecf69b72d0652dbe2a9844eaf04a36ddf4adfbd70010e95",
                "sha256:3d8b081988d0a49c486e4e845a547565fee7c6e7ad8be57ff29c3d7c14c6894c",
                "sha256:3dcffe1f3cbda0dc32133a2ae2255526561ca594f15f9644384549037b355245",
                "sha256:3f11a7eff7bc6301cd6a5d43f309e22a815af07e1f08eeb2182892fca04c86cb",
                "sha256:42085d4b154a8232767de8296ac39c8af5bccee6b823b0507de35f51c9cbc2d7",
                "sha256:424f82c35dbe4f83bdc3b490d7d696a1dc6423b3d911460f5493b7ffae999fd2",
                "sha256:43fb8cb030f888c3f076d40d428ed5eb4331f5dd6cf1796cfa39c67bf0f0fc1e",
                "sha256:460853983ab88f873173e27cc601c5276d469388e6ad6e08c4fd57b2a86f1064",
                "sha256:467c1505362823a5af12b10234cb1c4771ccf124c00e3fc9a43696512bd52293",
                "sha256:46b9b8aa09998bc48dd800854e8d9b74bc534d7922c1d6e1bbf783e7fa6ac29c",
                "sha256:53dcae85956853b787c27c1cb06f18bb450e22cf57a4ad3444cf03b8ff31724a",
                "sha256:585206112c294e335d84de5d5f179c0f932837752d7420e3de21db7fdc476278",
                "sha256:5ada0a14c67452358c1ee52ad14b80517a87b944897aaec3e875279371a9cb96",
                "sha256:5e2b3d020219baa75f82a4e24b7c8adcb598c62f0e54e763c39361a9e5bad510",
                "sha256:6120f2995f5154057454c5de99d86b4ef3b38397899b5da1265467e8980b2f60",
                "sha256:68a89bb06d5a331511961f4d3fa7606f8e21237467ba9997cae6f67a1c2c2b9e",
                "sha256:7496e8779905b02abc0ab4ba2a848e802ab99a6e20756ffc967a0de4900bd3da",
                "sha256:759a3361711586a29bc753d3d1bdb862983bd9b9f37fbd7f6216c24f7c972554",
                "sha256:75c45dcd595f8178412367e302fd022860ea025dc4a78b197b35428081ed33d5",
                "sha256:7d005e058d86f2a968a8d28ca6f2052fab1f124a39035aa0523261d6baf21e1f",
                "sha256:7f7930adf84301797c3f09c94b9c5a9ed90a9e8b8ed19b41d2384937e0f9f5bd",
                "sha256:8109e0324d21993d5b2d111742bf5958f3516bf8c59f297c5d1cc25a2342eb66",
                "sha256:81642a24798851b118f82884205fc1bd9ff70b655c04018c467824b6ecc1fabc",
                "sha256:8450d15f7765482e86ef9be2ad1a05683cd826f59ad236ef7b9fb606464a56aa",
                "sha256:875d51b3497439a72e2d76183e1cb5468f3f979ab2ddfc1d1f7dde3b1ecfb42f",
                "sha256:8b477b43ced896301665183a5e0faec0f5aea2373005648da8bdcb3c4b73f280",
                "sha256:8d3e252d4127c79b4d7c2ae47271636cbaca905c8bb46d80c7930ab906cf4b5c",
                "sha256:916bc2e6cf492c77ad6deb7bcd088f0ce9c607aaeabc543edeb703e1fbc43e31",
                "sha256:988f8f6abfba7ee79449f8b50687c174733b079521c3cc121d65ad2d38831846",
                "sha256:99a84ab9ac9a823e7e93b4414f86344052a5f3e23b23aa365cda01393ad895bd",
                "sha256:9be02162af0376d64b840f2fc8ee3366794fc149f1e06d095a6a1d42447d97c5",
                "sha256:a5585189b3d90d81ccd62d4f18530d5ac8972021f0aaaa1ffc6af387ff1dce75",
                "sha256:ae33a72336059213996fe4baca4e0e4860913905c2efb7c991eab33b95a98a0a",
                "sha256:af4f7c3c904ca709493eb66ca9080b44190c38e9ecb3b48b96d38825d5672559",
                "sha256:b20141fa6cee041917801de0bab503447196d372d4c7ee9a03721b0a8edf5337",
                "sha256:b3210869161a864f3831635bb13d24f4708c0aa7208ef5baac1ac4d46e9b4208",
                "sha256:b34e8c0e492949ecdd5da46a1cfc856a342e2f0389b379b1a45a3cdcd3176a6e",
                "sha256:b52ac2626945cd21a2487aeefed794c14ee31514c8ae69b7599170418211e6f6",
                "sha256:b5dd713a1734574c2850c566ac4286594bacbc2d60b9170b795bee4b68656625",
                "sha256:b5f705652360d520c2de52bee11100c92f59b3e3daca308ebb150cbc58aecdad",
                "sha256:b6389c50d8d214c9cd11a77f6d501529cb23279a9c9cafe519a3a4b503b5f72a",
                "sha256:b6bad92de071cbffa2acd4239c1779f66851b60ffbbda0e4f4e8a2e9b17e7eef",
                "sha256:b75dd0928ce8e216f88660ab3d5c5ffe990f4dd682fd1709dba29d5dafdde6de",
                "sha256:c2523f8180ebd9796c18d809e9a19075a1060b1a170fde3799e83db940c1b6d5",
                "sha256:c31022d9970177f6affc6d5dd757ed22e44a10890212032fabab903fdee3bfe7",
                "sha256:c36fd260084bb636b9400bb92016c6bd81fd80e59ed47f2466f85eda1fc9f782",
                "sha256:c3741cb0bf9794783028e8b0cf23dab917fa5e37a6093b94c4c2f805f8e36b9f",
                "sha256:c3fbe449d869ea4d0909fc9d862007fb39a584fb0b73349a6aab336f0d90eaed",
                "sha256:c66546e30addb04a16cd864f10f5821272a1bfe6462ee5605613b4f1cb6f7b48",
                "sha256:c71d9d512b76f05fa00282227c2ae884abb60e09f08b5ca3132b7e7431ac7f0d",
                "sha256:c8601a66fbfc0052bb7860d2eacd303fcde3c14e87fdde409eceff516d659e77",
                "sha256:c88adbcb933f6b8612f6c593384bf824e562bb35fc8a0f55fac690ab5b3486e5",
                "sha256:ca00fafd2756bc9649bf80f1cf72c647dce38635f0695d7ce804bc0f759aa756",
                "sha256:ca8a23097c1f50e0fdb4de9e427537ca122a18df2eead06ed39c3a0bef6d9d3a",
                "sha256:cda1e2f66bb4ba7261a0f4c2d052d5d909798fca557cbff68f8a79a87d66a18f",
                "sha256:cdfc04f7647c29fb48da7a04082c34cdb16f878d3c6d098d62d5715c0ad3000c",
                "sha256:cf62dacb3f9234f3fddd74e178e6d25c68f2067fde765f1d95f87b1381248f58",
                "sha256:d00df2e4a81ffa56a6b1ec4d2bc29afdcb7f565e0b8cd3092fece2290c4c7a79",
                "sha256:d248a109699ce9992304e79c1f8735c82cc4c1386cd8e27027329c0549f248a2",
                "sha256:d63def9bbc6b35aef4d76dc740301a4185867e8870cbb8719ec9de672212fca8",
                "sha256:d82f20c0060ffdaadaf642b88ab0aa52365b56dffae812e188e5bdb998043588",
                "sha256:dbcf5371ea704759fcce772c66a07647751d1f5dbdec7818331c9b31ae996c77",
                "sha256:e8914dad106dacb0775718e54bf15e528055c4e92fb2677842996f2d52da5069",
                "sha256:ebe303cd9839af69dd1f7942acaa80b1ba90bacef2e7ded9347fbed4f1654672",
                "sha256:ec55a81ac2b0f41b8d6fb29aad16e55417036c7563bad5568686931aa4ff08f7",
                "sha256:effe182767d102cb65dfbbf74192237dbd22d4191928d59415aa7d7c861d8c88",
                "sha256:f42b82f268689f429def9ecfb86fa65ceea0eaf3fed408b570fe113311bf5ce7",
                "sha256:f6fe570e20e293eb50491ae14ddeef71a6a7e5f59d7e791393ffa99b13f1f8c2",
                "sha256:f799d1d6c33d81e983d3682571cc7d993ae7ff772c19b3aabb767039c33f6d1e",
                "sha256:f891b98f8bc6c9d521785816085e9657212621e93f223917fb8e32f318b2957e",
                "sha256:fa263135b892686e11d5b84f6a1892523123a00b7e5882eff4fbdabb38667347",
                "sha256:fa4c598ed77f74ec973247ca776341200b0f93ec3883e34c222907ce72cb92a4",
                "sha256:fe56659ccadbee97908132135de4b875543353351e0c92e736b7c57aee298b5a",
                "sha256:fe59a0c21a032024edb0c8e43f5dee5623fef0b65a1e3c1281836d9ce199af3b"
            ],
            "markers": "python_version >= '3.7'",
            "version": "==2.13.7"
        },
        "returns": {
            "hashes": [
                "sha256:4544bb67849c1ef1bbf7823759d433a773959e5b77a8fd06d01fef6d060f2ac5",
                "sha256:ae3ce9e5165d1218905291b4d5881b4e8a86ca478437bef3b0af1de8df57ec69"
            ],
            "index": "pypi",
            "version": "==0.19.0"
        },
        "six": {
            "hashes": [
                "sha256:1e61c37477a1626458e36f7b1d82aa5c9b094fa4802892072e49de9c60c4c926",
                "sha256:8abb2f1d86890a2dfb989f9a77cfcfd3e47c2a354b01111771326f8aa26e0254"
            ],
            "markers": "python_version >= '2.7' and python_version not in '3.0, 3.1, 3.2, 3.3'",
            "version": "==1.16.0"
        },
        "tomli": {
            "hashes": [
                "sha256:939de3e7a6161af0c887ef91b7d41a53e7c5a1ca976325f429cb46ea9bc30ecc",
                "sha256:de526c12914f0c550d15924c62d72abc48d6fe7364aa87328337a31007fe8a4f"
            ],
            "markers": "python_version < '3.11'",
            "version": "==2.0.1"
        },
        "typing-extensions": {
            "hashes": [
                "sha256:1511434bb92bf8dd198c12b1cc812e800d4181cfcb867674e0f8279cc93087aa",
                "sha256:16fa4864408f655d35ec496218b85f79b3437c829e93320c7c9215ccfd92489e"
            ],
            "markers": "python_version >= '3.7'",
            "version": "==4.4.0"
        }
    },
    "develop": {
        "black": {
            "hashes": [
                "sha256:0b945a5a1e5a5321f884de0061d5a8585d947c9b608e37b6d26ceee4dfdf4b62",
                "sha256:4db1d8027ce7ae53f0ccf02b0be0b8808fefb291d6cb1543420f4165d96d364c",
                "sha256:5fb7641d442ede92538bc70fa0201f884753a7d0f62f26c722b7b00301b95902",
                "sha256:63330069d8ec909cf4e2c4d43a7f00aeb03335430ef9fec6cd2328e6ebde8a77",
                "sha256:793c9176beb2adf295f6b863d9a4dc953fe2ac359ca3da108d71d14cb2c09e52",
                "sha256:85dede655442f5e246e7abd667fe07e14916897ba52f3640b5489bf11f7dbf67",
                "sha256:88288a645402106b8eb9f50d7340ae741e16240bb01c2eed8466549153daa96e",
                "sha256:88ec25a64063945b4591b6378bead544c5d3260de1c93ad96f3ad2d76ddd76fd",
                "sha256:8dff6f0157e47fbbeada046fca144b6557d3be2fb2602d668881cd179f04a352",
                "sha256:ca658b69260a18bf7aa0b0a6562dbbd304a737487d1318998aaca5a75901fd2c",
                "sha256:ddbf9da228726d46f45c29024263e160d41030a415097254817d65127012d1a2",
                "sha256:e88e4b633d64b9e7adc4a6b922f52bb204af9f90d7b1e3317e6490f2b598b1ea"
            ],
            "index": "pypi",
            "version": "==23.1a1"
        },
        "click": {
            "hashes": [
                "sha256:7682dc8afb30297001674575ea00d1814d808d6a36af415a82bd481d37ba7b8e",
                "sha256:bb4d8133cb15a609f44e8213d9b391b0809795062913b383c62be0ee95b1db48"
            ],
            "markers": "python_version >= '3.7'",
            "version": "==8.1.3"
        },
        "mypy-extensions": {
            "hashes": [
                "sha256:090fedd75945a69ae91ce1303b5824f428daf5a028d2f6ab8a299250a846f15d",
                "sha256:2d82818f5bb3e369420cb3c4060a7970edba416647068eb4c5343488a6c604a8"
            ],
            "version": "==0.4.3"
        },
        "pathspec": {
            "hashes": [
                "sha256:3c95343af8b756205e2aba76e843ba9520a24dd84f68c22b9f93251507509dd6",
                "sha256:56200de4077d9d0791465aa9095a01d421861e405b5096955051deefd697d6f6"
            ],
            "markers": "python_version >= '3.7'",
            "version": "==0.10.3"
        },
        "platformdirs": {
            "hashes": [
                "sha256:69de5933ec873bd7ddae497f004be17cf200bce048dc987c28fc4e347d5349ff",
                "sha256:e13f076e0f725f1beb58e7d26f80eff94099941740d3c664db03efecd6561271"
            ],
            "markers": "python_version >= '3.7'",
            "version": "==2.6.1"
        },
        "tomli": {
            "hashes": [
                "sha256:939de3e7a6161af0c887ef91b7d41a53e7c5a1ca976325f429cb46ea9bc30ecc",
                "sha256:de526c12914f0c550d15924c62d72abc48d6fe7364aa87328337a31007fe8a4f"
            ],
            "markers": "python_version < '3.11'",
            "version": "==2.0.1"
        }
    }
}
